
Microsoft Visual Studio Solution File, Format Version 12.00
# Visual Studio Version 16
VisualStudioVersion = 16.0.29613.14
MinimumVisualStudioVersion = 10.0.40219.1
Project("{FAE04EC0-301F-11D3-BF4B-00C04F79EFBC}") = "CorectCodeLibrary", "CorectCode\CorectCodeLibrary.csproj", "{20F0019A-A389-4748-9189-5350876AFB2F}"
EndProject
Project("{FAE04EC0-301F-11D3-BF4B-00C04F79EFBC}") = "CorrectCodeLibraryTest", "CorrectCodeLibraryTest\CorrectCodeLibraryTest.csproj", "{13D1EDDE-03C2-4E2A-9565-9FB25936F07A}"
EndProject
Global
	GlobalSection(SolutionConfigurationPlatforms) = preSolution
		Debug|Any CPU = Debug|Any CPU
		Release|Any CPU = Release|Any CPU
	EndGlobalSection
	GlobalSection(ProjectConfigurationPlatforms) = postSolution
		{20F0019A-A389-4748-9189-5350876AFB2F}.Debug|Any CPU.ActiveCfg = Debug|Any CPU
		{20F0019A-A389-4748-9189-5350876AFB2F}.Debug|Any CPU.Build.0 = Debug|Any CPU
		{20F0019A-A389-4748-9189-5350876AFB2F}.Release|Any CPU.ActiveCfg = Release|Any CPU
		{20F0019A-A389-4748-9189-5350876AFB2F}.Release|Any CPU.Build.0 = Release|Any CPU
		{13D1EDDE-03C2-4E2A-9565-9FB25936F07A}.Debug|Any CPU.ActiveCfg = Debug|Any CPU
		{13D1EDDE-03C2-4E2A-9565-9FB25936F07A}.Debug|Any CPU.Build.0 = Debug|Any CPU
		{13D1EDDE-03C2-4E2A-9565-9FB25936F07A}.Release|Any CPU.ActiveCfg = Release|Any CPU
		{13D1EDDE-03C2-4E2A-9565-9FB25936F07A}.Release|Any CPU.Build.0 = Release|Any CPU
	EndGlobalSection
	GlobalSection(SolutionProperties) = preSolution
		HideSolutionNode = FALSE
	EndGlobalSection
	GlobalSection(ExtensibilityGlobals) = postSolution
		SolutionGuid = {C4AF2480-BE41-4C7A-9686-B297CC9B8564}
	EndGlobalSection
EndGlobal
